{
  "version": 4,
  "terraform_version": "1.8.4",
  "serial": 16,
  "lineage": "ee689c3f-71f3-2712-9bfe-7425bfef348b",
  "outputs": {
    "s3_arn": {
      "value": "arn:aws:s3:::vmimport-4tgmukla",
      "type": "string"
    }
  },
  "resources": [
    {
      "mode": "data",
      "type": "template_file",
      "name": "role_policy",
      "provider": "provider[\"registry.terraform.io/hashicorp/template\"]",
      "instances": [
        {
          "schema_version": 0,
          "attributes": {
            "filename": null,
            "id": "44bcfcfc87d222bd27a4413d6ff936f8c7a60920957a9990123c0951aacd2741",
            "rendered": "{\r\n    \"Version\":\"2012-10-17\",\r\n    \"Statement\":[\r\n       {\r\n          \"Effect\": \"Allow\",\r\n          \"Action\": [\r\n             \"s3:GetBucketLocation\",\r\n             \"s3:GetObject\",\r\n             \"s3:ListBucket\" \r\n          ],\r\n          \"Resource\": [\r\n             \"arn:aws:s3:::vmimport-4tgmukla\",\r\n             \"arn:aws:s3:::vmimport-4tgmukla/*\"\r\n          ]\r\n       },\r\n       {\r\n          \"Effect\": \"Allow\",\r\n          \"Action\": [\r\n             \"s3:GetBucketLocation\",\r\n             \"s3:GetObject\",\r\n             \"s3:ListBucket\",\r\n             \"s3:PutObject\",\r\n             \"s3:GetBucketAcl\"\r\n          ],\r\n          \"Resource\": [\r\n             \"arn:aws:s3:::vmimport-4tgmukla\",\r\n             \"arn:aws:s3:::vmimport-4tgmukla/*\"\r\n          ]\r\n       },\r\n       {\r\n          \"Effect\": \"Allow\",\r\n          \"Action\": [\r\n             \"ec2:ModifySnapshotAttribute\",\r\n             \"ec2:CopySnapshot\",\r\n             \"ec2:RegisterImage\",\r\n             \"ec2:Describe*\"\r\n          ],\r\n          \"Resource\": \"*\"\r\n       }\r\n    ]\r\n }",
            "template": "{\r\n    \"Version\":\"2012-10-17\",\r\n    \"Statement\":[\r\n       {\r\n          \"Effect\": \"Allow\",\r\n          \"Action\": [\r\n             \"s3:GetBucketLocation\",\r\n             \"s3:GetObject\",\r\n             \"s3:ListBucket\" \r\n          ],\r\n          \"Resource\": [\r\n             \"${bucket_arn}\",\r\n             \"${bucket_arn}/*\"\r\n          ]\r\n       },\r\n       {\r\n          \"Effect\": \"Allow\",\r\n          \"Action\": [\r\n             \"s3:GetBucketLocation\",\r\n             \"s3:GetObject\",\r\n             \"s3:ListBucket\",\r\n             \"s3:PutObject\",\r\n             \"s3:GetBucketAcl\"\r\n          ],\r\n          \"Resource\": [\r\n             \"${bucket_arn}\",\r\n             \"${bucket_arn}/*\"\r\n          ]\r\n       },\r\n       {\r\n          \"Effect\": \"Allow\",\r\n          \"Action\": [\r\n             \"ec2:ModifySnapshotAttribute\",\r\n             \"ec2:CopySnapshot\",\r\n             \"ec2:RegisterImage\",\r\n             \"ec2:Describe*\"\r\n          ],\r\n          \"Resource\": \"*\"\r\n       }\r\n    ]\r\n }",
            "vars": {
              "bucket_arn": "arn:aws:s3:::vmimport-4tgmukla"
            }
          },
          "sensitive_attributes": []
        }
      ]
    },
    {
      "mode": "managed",
      "type": "aws_iam_role",
      "name": "vmimport",
      "provider": "provider[\"registry.terraform.io/hashicorp/aws\"]",
      "instances": [
        {
          "schema_version": 0,
          "attributes": {
            "arn": "arn:aws:iam::941434651743:role/role_vmimport",
            "assume_role_policy": "{\"Statement\":[{\"Action\":\"sts:AssumeRole\",\"Condition\":{\"StringEquals\":{\"sts:Externalid\":\"vmimport\"}},\"Effect\":\"Allow\",\"Principal\":{\"Service\":\"vmie.amazonaws.com\"}}],\"Version\":\"2012-10-17\"}",
            "create_date": "2024-06-06T08:44:30Z",
            "description": "",
            "force_detach_policies": false,
            "id": "role_vmimport",
            "inline_policy": [],
            "managed_policy_arns": [],
            "max_session_duration": 3600,
            "name": "role_vmimport",
            "name_prefix": "",
            "path": "/",
            "permissions_boundary": "",
            "tags": null,
            "tags_all": {},
            "unique_id": "AROA5WMPAYRP52RCLH5RB"
          },
          "sensitive_attributes": [],
          "private": "bnVsbA=="
        }
      ]
    },
    {
      "mode": "managed",
      "type": "aws_iam_role_policy",
      "name": "vmimport_policy",
      "provider": "provider[\"registry.terraform.io/hashicorp/aws\"]",
      "instances": [
        {
          "schema_version": 0,
          "attributes": {
            "id": "role_vmimport:vmimport",
            "name": "vmimport",
            "name_prefix": "",
            "policy": "{\"Version\":\"2012-10-17\",\"Statement\":[{\"Action\":[\"s3:GetBucketLocation\",\"s3:GetObject\",\"s3:ListBucket\"],\"Effect\":\"Allow\",\"Resource\":[\"arn:aws:s3:::vmimport-4tgmukla\",\"arn:aws:s3:::vmimport-4tgmukla/*\"]},{\"Action\":[\"s3:GetBucketLocation\",\"s3:GetObject\",\"s3:ListBucket\",\"s3:PutObject\",\"s3:GetBucketAcl\"],\"Effect\":\"Allow\",\"Resource\":[\"arn:aws:s3:::vmimport-4tgmukla\",\"arn:aws:s3:::vmimport-4tgmukla/*\"]},{\"Action\":[\"ec2:ModifySnapshotAttribute\",\"ec2:CopySnapshot\",\"ec2:RegisterImage\",\"ec2:Describe*\"],\"Effect\":\"Allow\",\"Resource\":\"*\"}]}",
            "role": "role_vmimport"
          },
          "sensitive_attributes": [],
          "private": "bnVsbA==",
          "dependencies": [
            "aws_iam_role.vmimport",
            "data.template_file.role_policy",
            "module.mybucket.aws_s3_bucket.vmimport_bucket",
            "random_string.sufijo"
          ]
        }
      ]
    },
    {
      "mode": "managed",
      "type": "random_string",
      "name": "sufijo",
      "provider": "provider[\"registry.terraform.io/hashicorp/random\"]",
      "instances": [
        {
          "schema_version": 2,
          "attributes": {
            "id": "4tgmukla",
            "keepers": null,
            "length": 8,
            "lower": true,
            "min_lower": 0,
            "min_numeric": 0,
            "min_special": 0,
            "min_upper": 0,
            "number": true,
            "numeric": true,
            "override_special": null,
            "result": "4tgmukla",
            "special": false,
            "upper": false
          },
          "sensitive_attributes": []
        }
      ]
    },
    {
      "module": "module.mybucket",
      "mode": "managed",
      "type": "aws_s3_bucket",
      "name": "vmimport_bucket",
      "provider": "provider[\"registry.terraform.io/hashicorp/aws\"]",
      "instances": [
        {
          "schema_version": 0,
          "attributes": {
            "acceleration_status": "",
            "acl": null,
            "arn": "arn:aws:s3:::vmimport-4tgmukla",
            "bucket": "vmimport-4tgmukla",
            "bucket_domain_name": "vmimport-4tgmukla.s3.amazonaws.com",
            "bucket_prefix": "",
            "bucket_regional_domain_name": "vmimport-4tgmukla.s3.us-west-1.amazonaws.com",
            "cors_rule": [],
            "force_destroy": false,
            "grant": [
              {
                "id": "56da5f7c4143a9d3fbcbdc08dd14c612b794b746dc0d1696477795ac053f65be",
                "permissions": [
                  "FULL_CONTROL"
                ],
                "type": "CanonicalUser",
                "uri": ""
              }
            ],
            "hosted_zone_id": "Z2F56UZL2M1ACD",
            "id": "vmimport-4tgmukla",
            "lifecycle_rule": [],
            "logging": [],
            "object_lock_configuration": [],
            "object_lock_enabled": false,
            "policy": "",
            "region": "us-west-1",
            "replication_configuration": [],
            "request_payer": "BucketOwner",
            "server_side_encryption_configuration": [
              {
                "rule": [
                  {
                    "apply_server_side_encryption_by_default": [
                      {
                        "kms_master_key_id": "",
                        "sse_algorithm": "AES256"
                      }
                    ],
                    "bucket_key_enabled": false
                  }
                ]
              }
            ],
            "tags": null,
            "tags_all": {},
            "timeouts": null,
            "versioning": [
              {
                "enabled": false,
                "mfa_delete": false
              }
            ],
            "website": [],
            "website_domain": null,
            "website_endpoint": null
          },
          "sensitive_attributes": [],
          "private": "eyJlMmJmYjczMC1lY2FhLTExZTYtOGY4OC0zNDM2M2JjN2M0YzAiOnsiY3JlYXRlIjoxMjAwMDAwMDAwMDAwLCJkZWxldGUiOjM2MDAwMDAwMDAwMDAsInJlYWQiOjEyMDAwMDAwMDAwMDAsInVwZGF0ZSI6MTIwMDAwMDAwMDAwMH19",
          "dependencies": [
            "random_string.sufijo"
          ]
        }
      ]
    }
  ],
  "check_results": null
}
